// !$*UTF8*$!
{
	archiveVersion = 1;
	classes = {
	};
	objectVersion = 50;
	objects = {

/* Begin PBXBuildFile section */
		0BBA26902351208100E24193 /* AppDelegate.swift in Sources */ = {isa = PBXBuildFile; fileRef = 0BBA268F2351208100E24193 /* AppDelegate.swift */; };
		0BBA26922351208100E24193 /* SceneDelegate.swift in Sources */ = {isa = PBXBuildFile; fileRef = 0BBA26912351208100E24193 /* SceneDelegate.swift */; };
		0BBA26972351208100E24193 /* Main.storyboard in Resources */ = {isa = PBXBuildFile; fileRef = 0BBA26952351208100E24193 /* Main.storyboard */; };
		0BBA26992351208300E24193 /* Assets.xcassets in Resources */ = {isa = PBXBuildFile; fileRef = 0BBA26982351208300E24193 /* Assets.xcassets */; };
		0BBA269C2351208300E24193 /* LaunchScreen.storyboard in Resources */ = {isa = PBXBuildFile; fileRef = 0BBA269A2351208300E24193 /* LaunchScreen.storyboard */; };
		0BBA26A72351208300E24193 /* Pursuit_Core_Persistence_LabTests.swift in Sources */ = {isa = PBXBuildFile; fileRef = 0BBA26A62351208300E24193 /* Pursuit_Core_Persistence_LabTests.swift */; };
		0BBA26B623513C4A00E24193 /* PictureSearchViewController.swift in Sources */ = {isa = PBXBuildFile; fileRef = 0BBA26B523513C4A00E24193 /* PictureSearchViewController.swift */; };
		0BBA26BA23513CAD00E24193 /* FavoritesTableViewController.swift in Sources */ = {isa = PBXBuildFile; fileRef = 0BBA26B923513CAD00E24193 /* FavoritesTableViewController.swift */; };
		0BBA26BC23513CD600E24193 /* FavoriteDetailViewController.swift in Sources */ = {isa = PBXBuildFile; fileRef = 0BBA26BB23513CD600E24193 /* FavoriteDetailViewController.swift */; };
		0BBA26BE23513E1B00E24193 /* PictureModel.swift in Sources */ = {isa = PBXBuildFile; fileRef = 0BBA26BD23513E1B00E24193 /* PictureModel.swift */; };
		0BBA26C023513E2B00E24193 /* FavoritesModel.swift in Sources */ = {isa = PBXBuildFile; fileRef = 0BBA26BF23513E2B00E24193 /* FavoritesModel.swift */; };
		0BBA26C223513E6500E24193 /* PictureAPIClient.swift in Sources */ = {isa = PBXBuildFile; fileRef = 0BBA26C123513E6500E24193 /* PictureAPIClient.swift */; };
		0BBA26C423513E7300E24193 /* ImageHelper.swift in Sources */ = {isa = PBXBuildFile; fileRef = 0BBA26C323513E7300E24193 /* ImageHelper.swift */; };
		0BBA26C723513F2000E24193 /* AppError.swift in Sources */ = {isa = PBXBuildFile; fileRef = 0BBA26C623513F2000E24193 /* AppError.swift */; };
		0BBA26C923513F2E00E24193 /* NetworkHelper.swift in Sources */ = {isa = PBXBuildFile; fileRef = 0BBA26C823513F2E00E24193 /* NetworkHelper.swift */; };
		0BBA26CB23513F4C00E24193 /* PersistenceHelper.swift in Sources */ = {isa = PBXBuildFile; fileRef = 0BBA26CA23513F4C00E24193 /* PersistenceHelper.swift */; };
		0BBA26CD23513F5D00E24193 /* ImagePersistenceHelper.swift in Sources */ = {isa = PBXBuildFile; fileRef = 0BBA26CC23513F5D00E24193 /* ImagePersistenceHelper.swift */; };
		0BBA26CF23513FB800E24193 /* FavoritesTableViewCell.swift in Sources */ = {isa = PBXBuildFile; fileRef = 0BBA26CE23513FB800E24193 /* FavoritesTableViewCell.swift */; };
		0BBA26D123513FCE00E24193 /* PictureCollectionViewCell.swift in Sources */ = {isa = PBXBuildFile; fileRef = 0BBA26D023513FCE00E24193 /* PictureCollectionViewCell.swift */; };
		0BBA26D3235674C600E24193 /* PictureSearchDetailViewController.swift in Sources */ = {isa = PBXBuildFile; fileRef = 0BBA26D2235674C600E24193 /* PictureSearchDetailViewController.swift */; };
/* End PBXBuildFile section */

/* Begin PBXContainerItemProxy section */
		0BBA26A32351208300E24193 /* PBXContainerItemProxy */ = {
			isa = PBXContainerItemProxy;
			containerPortal = 0BBA26842351208100E24193 /* Project object */;
			proxyType = 1;
			remoteGlobalIDString = 0BBA268B2351208100E24193;
			remoteInfo = "Pursuit-Core-Persistence-Lab";
		};
/* End PBXContainerItemProxy section */

/* Begin PBXFileReference section */
		0BBA268C2351208100E24193 /* Pursuit-Core-Persistence-Lab.app */ = {isa = PBXFileReference; explicitFileType = wrapper.application; includeInIndex = 0; path = "Pursuit-Core-Persistence-Lab.app"; sourceTree = BUILT_PRODUCTS_DIR; };
		0BBA268F2351208100E24193 /* AppDelegate.swift */ = {isa = PBXFileReference; lastKnownFileType = sourcecode.swift; path = AppDelegate.swift; sourceTree = "<group>"; };
		0BBA26912351208100E24193 /* SceneDelegate.swift */ = {isa = PBXFileReference; lastKnownFileType = sourcecode.swift; path = SceneDelegate.swift; sourceTree = "<group>"; };
		0BBA26962351208100E24193 /* Base */ = {isa = PBXFileReference; lastKnownFileType = file.storyboard; name = Base; path = Base.lproj/Main.storyboard; sourceTree = "<group>"; };
		0BBA26982351208300E24193 /* Assets.xcassets */ = {isa = PBXFileReference; lastKnownFileType = folder.assetcatalog; path = Assets.xcassets; sourceTree = "<group>"; };
		0BBA269B2351208300E24193 /* Base */ = {isa = PBXFileReference; lastKnownFileType = file.storyboard; name = Base; path = Base.lproj/LaunchScreen.storyboard; sourceTree = "<group>"; };
		0BBA269D2351208300E24193 /* Info.plist */ = {isa = PBXFileReference; lastKnownFileType = text.plist.xml; path = Info.plist; sourceTree = "<group>"; };
		0BBA26A22351208300E24193 /* Pursuit-Core-Persistence-LabTests.xctest */ = {isa = PBXFileReference; explicitFileType = wrapper.cfbundle; includeInIndex = 0; path = "Pursuit-Core-Persistence-LabTests.xctest"; sourceTree = BUILT_PRODUCTS_DIR; };
		0BBA26A62351208300E24193 /* Pursuit_Core_Persistence_LabTests.swift */ = {isa = PBXFileReference; lastKnownFileType = sourcecode.swift; path = Pursuit_Core_Persistence_LabTests.swift; sourceTree = "<group>"; };
		0BBA26A82351208300E24193 /* Info.plist */ = {isa = PBXFileReference; lastKnownFileType = text.plist.xml; path = Info.plist; sourceTree = "<group>"; };
		0BBA26B523513C4A00E24193 /* PictureSearchViewController.swift */ = {isa = PBXFileReference; lastKnownFileType = sourcecode.swift; path = PictureSearchViewController.swift; sourceTree = "<group>"; };
		0BBA26B923513CAD00E24193 /* FavoritesTableViewController.swift */ = {isa = PBXFileReference; lastKnownFileType = sourcecode.swift; path = FavoritesTableViewController.swift; sourceTree = "<group>"; };
		0BBA26BB23513CD600E24193 /* FavoriteDetailViewController.swift */ = {isa = PBXFileReference; lastKnownFileType = sourcecode.swift; path = FavoriteDetailViewController.swift; sourceTree = "<group>"; };
		0BBA26BD23513E1B00E24193 /* PictureModel.swift */ = {isa = PBXFileReference; lastKnownFileType = sourcecode.swift; path = PictureModel.swift; sourceTree = "<group>"; };
		0BBA26BF23513E2B00E24193 /* FavoritesModel.swift */ = {isa = PBXFileReference; lastKnownFileType = sourcecode.swift; path = FavoritesModel.swift; sourceTree = "<group>"; };
		0BBA26C123513E6500E24193 /* PictureAPIClient.swift */ = {isa = PBXFileReference; lastKnownFileType = sourcecode.swift; path = PictureAPIClient.swift; sourceTree = "<group>"; };
		0BBA26C323513E7300E24193 /* ImageHelper.swift */ = {isa = PBXFileReference; lastKnownFileType = sourcecode.swift; path = ImageHelper.swift; sourceTree = "<group>"; };
		0BBA26C623513F2000E24193 /* AppError.swift */ = {isa = PBXFileReference; lastKnownFileType = sourcecode.swift; path = AppError.swift; sourceTree = "<group>"; };
		0BBA26C823513F2E00E24193 /* NetworkHelper.swift */ = {isa = PBXFileReference; lastKnownFileType = sourcecode.swift; path = NetworkHelper.swift; sourceTree = "<group>"; };
		0BBA26CA23513F4C00E24193 /* PersistenceHelper.swift */ = {isa = PBXFileReference; lastKnownFileType = sourcecode.swift; path = PersistenceHelper.swift; sourceTree = "<group>"; };
		0BBA26CC23513F5D00E24193 /* ImagePersistenceHelper.swift */ = {isa = PBXFileReference; lastKnownFileType = sourcecode.swift; path = ImagePersistenceHelper.swift; sourceTree = "<group>"; };
		0BBA26CE23513FB800E24193 /* FavoritesTableViewCell.swift */ = {isa = PBXFileReference; lastKnownFileType = sourcecode.swift; path = FavoritesTableViewCell.swift; sourceTree = "<group>"; };
		0BBA26D023513FCE00E24193 /* PictureCollectionViewCell.swift */ = {isa = PBXFileReference; lastKnownFileType = sourcecode.swift; path = PictureCollectionViewCell.swift; sourceTree = "<group>"; };
		0BBA26D2235674C600E24193 /* PictureSearchDetailViewController.swift */ = {isa = PBXFileReference; lastKnownFileType = sourcecode.swift; path = PictureSearchDetailViewController.swift; sourceTree = "<group>"; };
/* End PBXFileReference section */

/* Begin PBXFrameworksBuildPhase section */
		0BBA26892351208100E24193 /* Frameworks */ = {
			isa = PBXFrameworksBuildPhase;
			buildActionMask = 2147483647;
			files = (
			);
			runOnlyForDeploymentPostprocessing = 0;
		};
		0BBA269F2351208300E24193 /* Frameworks */ = {
			isa = PBXFrameworksBuildPhase;
			buildActionMask = 2147483647;
			files = (
			);
			runOnlyForDeploymentPostprocessing = 0;
		};
/* End PBXFrameworksBuildPhase section */

/* Begin PBXGroup section */
		0BBA26832351208100E24193 = {
			isa = PBXGroup;
			children = (
				0BBA268E2351208100E24193 /* Pursuit-Core-Persistence-Lab */,
				0BBA26A52351208300E24193 /* Pursuit-Core-Persistence-LabTests */,
				0BBA268D2351208100E24193 /* Products */,
			);
			sourceTree = "<group>";
		};
		0BBA268D2351208100E24193 /* Products */ = {
			isa = PBXGroup;
			children = (
				0BBA268C2351208100E24193 /* Pursuit-Core-Persistence-Lab.app */,
				0BBA26A22351208300E24193 /* Pursuit-Core-Persistence-LabTests.xctest */,
			);
			name = Products;
			sourceTree = "<group>";
		};
		0BBA268E2351208100E24193 /* Pursuit-Core-Persistence-Lab */ = {
			isa = PBXGroup;
			children = (
				0BBA26C523513EF000E24193 /* Persistence */,
				0BBA26B423513BFA00E24193 /* Models */,
				0BBA26B323513BF100E24193 /* Network */,
				0BBA26B223513BE700E24193 /* Controllers */,
				0BBA26B123513BDE00E24193 /* Views */,
				0BBA268F2351208100E24193 /* AppDelegate.swift */,
				0BBA26912351208100E24193 /* SceneDelegate.swift */,
				0BBA26982351208300E24193 /* Assets.xcassets */,
				0BBA269A2351208300E24193 /* LaunchScreen.storyboard */,
				0BBA269D2351208300E24193 /* Info.plist */,
			);
			path = "Pursuit-Core-Persistence-Lab";
			sourceTree = "<group>";
		};
		0BBA26A52351208300E24193 /* Pursuit-Core-Persistence-LabTests */ = {
			isa = PBXGroup;
			children = (
				0BBA26A62351208300E24193 /* Pursuit_Core_Persistence_LabTests.swift */,
				0BBA26A82351208300E24193 /* Info.plist */,
			);
			path = "Pursuit-Core-Persistence-LabTests";
			sourceTree = "<group>";
		};
		0BBA26B123513BDE00E24193 /* Views */ = {
			isa = PBXGroup;
			children = (
				0BBA26952351208100E24193 /* Main.storyboard */,
				0BBA26D023513FCE00E24193 /* PictureCollectionViewCell.swift */,
				0BBA26CE23513FB800E24193 /* FavoritesTableViewCell.swift */,
			);
			path = Views;
			sourceTree = "<group>";
		};
		0BBA26B223513BE700E24193 /* Controllers */ = {
			isa = PBXGroup;
			children = (
				0BBA26B523513C4A00E24193 /* PictureSearchViewController.swift */,
				0BBA26D2235674C600E24193 /* PictureSearchDetailViewController.swift */,
				0BBA26B923513CAD00E24193 /* FavoritesTableViewController.swift */,
				0BBA26BB23513CD600E24193 /* FavoriteDetailViewController.swift */,
			);
			path = Controllers;
			sourceTree = "<group>";
		};
		0BBA26B323513BF100E24193 /* Network */ = {
			isa = PBXGroup;
			children = (
				0BBA26C123513E6500E24193 /* PictureAPIClient.swift */,
				0BBA26C323513E7300E24193 /* ImageHelper.swift */,
				0BBA26C823513F2E00E24193 /* NetworkHelper.swift */,
				0BBA26C623513F2000E24193 /* AppError.swift */,
			);
			path = Network;
			sourceTree = "<group>";
		};
		0BBA26B423513BFA00E24193 /* Models */ = {
			isa = PBXGroup;
			children = (
				0BBA26BD23513E1B00E24193 /* PictureModel.swift */,
				0BBA26BF23513E2B00E24193 /* FavoritesModel.swift */,
			);
			path = Models;
			sourceTree = "<group>";
		};
		0BBA26C523513EF000E24193 /* Persistence */ = {
			isa = PBXGroup;
			children = (
				0BBA26CA23513F4C00E24193 /* PersistenceHelper.swift */,
				0BBA26CC23513F5D00E24193 /* ImagePersistenceHelper.swift */,
			);
			path = Persistence;
			sourceTree = "<group>";
		};
/* End PBXGroup section */

/* Begin PBXNativeTarget section */
		0BBA268B2351208100E24193 /* Pursuit-Core-Persistence-Lab */ = {
			isa = PBXNativeTarget;
			buildConfigurationList = 0BBA26AB2351208300E24193 /* Build configuration list for PBXNativeTarget "Pursuit-Core-Persistence-Lab" */;
			buildPhases = (
				0BBA26882351208100E24193 /* Sources */,
				0BBA26892351208100E24193 /* Frameworks */,
				0BBA268A2351208100E24193 /* Resources */,
			);
			buildRules = (
			);
			dependencies = (
			);
			name = "Pursuit-Core-Persistence-Lab";
			productName = "Pursuit-Core-Persistence-Lab";
			productReference = 0BBA268C2351208100E24193 /* Pursuit-Core-Persistence-Lab.app */;
			productType = "com.apple.product-type.application";
		};
		0BBA26A12351208300E24193 /* Pursuit-Core-Persistence-LabTests */ = {
			isa = PBXNativeTarget;
			buildConfigurationList = 0BBA26AE2351208300E24193 /* Build configuration list for PBXNativeTarget "Pursuit-Core-Persistence-LabTests" */;
			buildPhases = (
				0BBA269E2351208300E24193 /* Sources */,
				0BBA269F2351208300E24193 /* Frameworks */,
				0BBA26A02351208300E24193 /* Resources */,
			);
			buildRules = (
			);
			dependencies = (
				0BBA26A42351208300E24193 /* PBXTargetDependency */,
			);
			name = "Pursuit-Core-Persistence-LabTests";
			productName = "Pursuit-Core-Persistence-LabTests";
			productReference = 0BBA26A22351208300E24193 /* Pursuit-Core-Persistence-LabTests.xctest */;
			productType = "com.apple.product-type.bundle.unit-test";
		};
/* End PBXNativeTarget section */

/* Begin PBXProject section */
		0BBA26842351208100E24193 /* Project object */ = {
			isa = PBXProject;
			attributes = {
				LastSwiftUpdateCheck = 1100;
				LastUpgradeCheck = 1100;
				ORGANIZATIONNAME = "Krystal Campbell";
				TargetAttributes = {
					0BBA268B2351208100E24193 = {
						CreatedOnToolsVersion = 11.0;
					};
					0BBA26A12351208300E24193 = {
						CreatedOnToolsVersion = 11.0;
						TestTargetID = 0BBA268B2351208100E24193;
					};
				};
			};
			buildConfigurationList = 0BBA26872351208100E24193 /* Build configuration list for PBXProject "Pursuit-Core-Persistence-Lab" */;
			compatibilityVersion = "Xcode 9.3";
			developmentRegion = en;
			hasScannedForEncodings = 0;
			knownRegions = (
				en,
				Base,
			);
			mainGroup = 0BBA26832351208100E24193;
			productRefGroup = 0BBA268D2351208100E24193 /* Products */;
			projectDirPath = "";
			projectRoot = "";
			targets = (
				0BBA268B2351208100E24193 /* Pursuit-Core-Persistence-Lab */,
				0BBA26A12351208300E24193 /* Pursuit-Core-Persistence-LabTests */,
			);
		};
/* End PBXProject section */

/* Begin PBXResourcesBuildPhase section */
		0BBA268A2351208100E24193 /* Resources */ = {
			isa = PBXResourcesBuildPhase;
			buildActionMask = 2147483647;
			files = (
				0BBA269C2351208300E24193 /* LaunchScreen.storyboard in Resources */,
				0BBA26992351208300E24193 /* Assets.xcassets in Resources */,
				0BBA26972351208100E24193 /* Main.storyboard in Resources */,
			);
			runOnlyForDeploymentPostprocessing = 0;
		};
		0BBA26A02351208300E24193 /* Resources */ = {
			isa = PBXResourcesBuildPhase;
			buildActionMask = 2147483647;
			files = (
			);
			runOnlyForDeploymentPostprocessing = 0;
		};
/* End PBXResourcesBuildPhase section */

/* Begin PBXSourcesBuildPhase section */
		0BBA26882351208100E24193 /* Sources */ = {
			isa = PBXSourcesBuildPhase;
			buildActionMask = 2147483647;
			files = (
				0BBA26BC23513CD600E24193 /* FavoriteDetailViewController.swift in Sources */,
				0BBA26CB23513F4C00E24193 /* PersistenceHelper.swift in Sources */,
				0BBA26C423513E7300E24193 /* ImageHelper.swift in Sources */,
				0BBA26B623513C4A00E24193 /* PictureSearchViewController.swift in Sources */,
				0BBA26C223513E6500E24193 /* PictureAPIClient.swift in Sources */,
				0BBA26C923513F2E00E24193 /* NetworkHelper.swift in Sources */,
				0BBA26D3235674C600E24193 /* PictureSearchDetailViewController.swift in Sources */,
				0BBA26C023513E2B00E24193 /* FavoritesModel.swift in Sources */,
				0BBA26BA23513CAD00E24193 /* FavoritesTableViewController.swift in Sources */,
				0BBA26BE23513E1B00E24193 /* PictureModel.swift in Sources */,
				0BBA26CF23513FB800E24193 /* FavoritesTableViewCell.swift in Sources */,
				0BBA26C723513F2000E24193 /* AppError.swift in Sources */,
				0BBA26CD23513F5D00E24193 /* ImagePersistenceHelper.swift in Sources */,
				0BBA26D123513FCE00E24193 /* PictureCollectionViewCell.swift in Sources */,
				0BBA26902351208100E24193 /* AppDelegate.swift in Sources */,
				0BBA26922351208100E24193 /* SceneDelegate.swift in Sources */,
			);
			runOnlyForDeploymentPostprocessing = 0;
		};
		0BBA269E2351208300E24193 /* Sources */ = {
			isa = PBXSourcesBuildPhase;
			buildActionMask = 2147483647;
			files = (
				0BBA26A72351208300E24193 /* Pursuit_Core_Persistence_LabTests.swift in Sources */,
			);
			runOnlyForDeploymentPostprocessing = 0;
		};
/* End PBXSourcesBuildPhase section */

/* Begin PBXTargetDependency section */
		0BBA26A42351208300E24193 /* PBXTargetDependency */ = {
			isa = PBXTargetDependency;
			target = 0BBA268B2351208100E24193 /* Pursuit-Core-Persistence-Lab */;
			targetProxy = 0BBA26A32351208300E24193 /* PBXContainerItemProxy */;
		};
/* End PBXTargetDependency section */

/* Begin PBXVariantGroup section */
		0BBA26952351208100E24193 /* Main.storyboard */ = {
			isa = PBXVariantGroup;
			children = (
				0BBA26962351208100E24193 /* Base */,
			);
			name = Main.storyboard;
			sourceTree = "<group>";
		};
		0BBA269A2351208300E24193 /* LaunchScreen.storyboard */ = {
			isa = PBXVariantGroup;
			children = (
				0BBA269B2351208300E24193 /* Base */,
			);
			name = LaunchScreen.storyboard;
			sourceTree = "<group>";
		};
/* End PBXVariantGroup section */

/* Begin XCBuildConfiguration section */
		0BBA26A92351208300E24193 /* Debug */ = {
			isa = XCBuildConfiguration;
			buildSettings = {
				ALWAYS_SEARCH_USER_PATHS = NO;
				CLANG_ANALYZER_NONNULL = YES;
				CLANG_ANALYZER_NUMBER_OBJECT_CONVERSION = YES_AGGRESSIVE;
				CLANG_CXX_LANGUAGE_STANDARD = "gnu++14";
				CLANG_CXX_LIBRARY = "libc++";
				CLANG_ENABLE_MODULES = YES;
				CLANG_ENABLE_OBJC_ARC = YES;
				CLANG_ENABLE_OBJC_WEAK = YES;
				CLANG_WARN_BLOCK_CAPTURE_AUTORELEASING = YES;
				CLANG_WARN_BOOL_CONVERSION = YES;
				CLANG_WARN_COMMA = YES;
				CLANG_WARN_CONSTANT_CONVERSION = YES;
				CLANG_WARN_DEPRECATED_OBJC_IMPLEMENTATIONS = YES;
				CLANG_WARN_DIRECT_OBJC_ISA_USAGE = YES_ERROR;
				CLANG_WARN_DOCUMENTATION_COMMENTS = YES;
				CLANG_WARN_EMPTY_BODY = YES;
				CLANG_WARN_ENUM_CONVERSION = YES;
				CLANG_WARN_INFINITE_RECURSION = YES;
				CLANG_WARN_INT_CONVERSION = YES;
				CLANG_WARN_NON_LITERAL_NULL_CONVERSION = YES;
				CLANG_WARN_OBJC_IMPLICIT_RETAIN_SELF = YES;
				CLANG_WARN_OBJC_LITERAL_CONVERSION = YES;
				CLANG_WARN_OBJC_ROOT_CLASS = YES_ERROR;
				CLANG_WARN_RANGE_LOOP_ANALYSIS = YES;
				CLANG_WARN_STRICT_PROTOTYPES = YES;
				CLANG_WARN_SUSPICIOUS_MOVE = YES;
				CLANG_WARN_UNGUARDED_AVAILABILITY = YES_AGGRESSIVE;
				CLANG_WARN_UNREACHABLE_CODE = YES;
				CLANG_WARN__DUPLICATE_METHOD_MATCH = YES;
				COPY_PHASE_STRIP = NO;
				DEBUG_INFORMATION_FORMAT = dwarf;
				ENABLE_STRICT_OBJC_MSGSEND = YES;
				ENABLE_TESTABILITY = YES;
				GCC_C_LANGUAGE_STANDARD = gnu11;
				GCC_DYNAMIC_NO_PIC = NO;
				GCC_NO_COMMON_BLOCKS = YES;
				GCC_OPTIMIZATION_LEVEL = 0;
				GCC_PREPROCESSOR_DEFINITIONS = (
					"DEBUG=1",
					"$(inherited)",
				);
				GCC_WARN_64_TO_32_BIT_CONVERSION = YES;
				GCC_WARN_ABOUT_RETURN_TYPE = YES_ERROR;
				GCC_WARN_UNDECLARED_SELECTOR = YES;
				GCC_WARN_UNINITIALIZED_AUTOS = YES_AGGRESSIVE;
				GCC_WARN_UNUSED_FUNCTION = YES;
				GCC_WARN_UNUSED_VARIABLE = YES;
				IPHONEOS_DEPLOYMENT_TARGET = 13.0;
				MTL_ENABLE_DEBUG_INFO = INCLUDE_SOURCE;
				MTL_FAST_MATH = YES;
				ONLY_ACTIVE_ARCH = YES;
				SDKROOT = iphoneos;
				SWIFT_ACTIVE_COMPILATION_CONDITIONS = DEBUG;
				SWIFT_OPTIMIZATION_LEVEL = "-Onone";
			};
			name = Debug;
		};
		0BBA26AA2351208300E24193 /* Release */ = {
			isa = XCBuildConfiguration;
			buildSettings = {
				ALWAYS_SEARCH_USER_PATHS = NO;
				CLANG_ANALYZER_NONNULL = YES;
				CLANG_ANALYZER_NUMBER_OBJECT_CONVERSION = YES_AGGRESSIVE;
				CLANG_CXX_LANGUAGE_STANDARD = "gnu++14";
				CLANG_CXX_LIBRARY = "libc++";
				CLANG_ENABLE_MODULES = YES;
				CLANG_ENABLE_OBJC_ARC = YES;
				CLANG_ENABLE_OBJC_WEAK = YES;
				CLANG_WARN_BLOCK_CAPTURE_AUTORELEASING = YES;
				CLANG_WARN_BOOL_CONVERSION = YES;
				CLANG_WARN_COMMA = YES;
				CLANG_WARN_CONSTANT_CONVERSION = YES;
				CLANG_WARN_DEPRECATED_OBJC_IMPLEMENTATIONS = YES;
				CLANG_WARN_DIRECT_OBJC_ISA_USAGE = YES_ERROR;
				CLANG_WARN_DOCUMENTATION_COMMENTS = YES;
				CLANG_WARN_EMPTY_BODY = YES;
				CLANG_WARN_ENUM_CONVERSION = YES;
				CLANG_WARN_INFINITE_RECURSION = YES;
				CLANG_WARN_INT_CONVERSION = YES;
				CLANG_WARN_NON_LITERAL_NULL_CONVERSION = YES;
				CLANG_WARN_OBJC_IMPLICIT_RETAIN_SELF = YES;
				CLANG_WARN_OBJC_LITERAL_CONVERSION = YES;
				CLANG_WARN_OBJC_ROOT_CLASS = YES_ERROR;
				CLANG_WARN_RANGE_LOOP_ANALYSIS = YES;
				CLANG_WARN_STRICT_PROTOTYPES = YES;
				CLANG_WARN_SUSPICIOUS_MOVE = YES;
				CLANG_WARN_UNGUARDED_AVAILABILITY = YES_AGGRESSIVE;
				CLANG_WARN_UNREACHABLE_CODE = YES;
				CLANG_WARN__DUPLICATE_METHOD_MATCH = YES;
				COPY_PHASE_STRIP = NO;
				DEBUG_INFORMATION_FORMAT = "dwarf-with-dsym";
				ENABLE_NS_ASSERTIONS = NO;
				ENABLE_STRICT_OBJC_MSGSEND = YES;
				GCC_C_LANGUAGE_STANDARD = gnu11;
				GCC_NO_COMMON_BLOCKS = YES;
				GCC_WARN_64_TO_32_BIT_CONVERSION = YES;
				GCC_WARN_ABOUT_RETURN_TYPE = YES_ERROR;
				GCC_WARN_UNDECLARED_SELECTOR = YES;
				GCC_WARN_UNINITIALIZED_AUTOS = YES_AGGRESSIVE;
				GCC_WARN_UNUSED_FUNCTION = YES;
				GCC_WARN_UNUSED_VARIABLE = YES;
				IPHONEOS_DEPLOYMENT_TARGET = 13.0;
				MTL_ENABLE_DEBUG_INFO = NO;
				MTL_FAST_MATH = YES;
				SDKROOT = iphoneos;
				SWIFT_COMPILATION_MODE = wholemodule;
				SWIFT_OPTIMIZATION_LEVEL = "-O";
				VALIDATE_PRODUCT = YES;
			};
			name = Release;
		};
		0BBA26AC2351208300E24193 /* Debug */ = {
			isa = XCBuildConfiguration;
			buildSettings = {
				ASSETCATALOG_COMPILER_APPICON_NAME = AppIcon;
				CODE_SIGN_STYLE = Automatic;
				INFOPLIST_FILE = "Pursuit-Core-Persistence-Lab/Info.plist";
				LD_RUNPATH_SEARCH_PATHS = (
					"$(inherited)",
					"@executable_path/Frameworks",
				);
				PRODUCT_BUNDLE_IDENTIFIER = "testing.Pursuit-Core-Persistence-Lab";
				PRODUCT_NAME = "$(TARGET_NAME)";
				SWIFT_VERSION = 5.0;
				TARGETED_DEVICE_FAMILY = "1,2";
			};
			name = Debug;
		};
		0BBA26AD2351208300E24193 /* Release */ = {
			isa = XCBuildConfiguration;
			buildSettings = {
				ASSETCATALOG_COMPILER_APPICON_NAME = AppIcon;
				CODE_SIGN_STYLE = Automatic;
				INFOPLIST_FILE = "Pursuit-Core-Persistence-Lab/Info.plist";
				LD_RUNPATH_SEARCH_PATHS = (
					"$(inherited)",
					"@executable_path/Frameworks",
				);
				PRODUCT_BUNDLE_IDENTIFIER = "testing.Pursuit-Core-Persistence-Lab";
				PRODUCT_NAME = "$(TARGET_NAME)";
				SWIFT_VERSION = 5.0;
				TARGETED_DEVICE_FAMILY = "1,2";
			};
			name = Release;
		};
		0BBA26AF2351208300E24193 /* Debug */ = {
			isa = XCBuildConfiguration;
			buildSettings = {
				ALWAYS_EMBED_SWIFT_STANDARD_LIBRARIES = YES;
				BUNDLE_LOADER = "$(TEST_HOST)";
				CODE_SIGN_STYLE = Automatic;
				INFOPLIST_FILE = "Pursuit-Core-Persistence-LabTests/Info.plist";
				IPHONEOS_DEPLOYMENT_TARGET = 13.0;
				LD_RUNPATH_SEARCH_PATHS = (
					"$(inherited)",
					"@executable_path/Frameworks",
					"@loader_path/Frameworks",
				);
				PRODUCT_BUNDLE_IDENTIFIER = "testing.Pursuit-Core-Persistence-LabTests";
				PRODUCT_NAME = "$(TARGET_NAME)";
				SWIFT_VERSION = 5.0;
				TARGETED_DEVICE_FAMILY = "1,2";
				TEST_HOST = "$(BUILT_PRODUCTS_DIR)/Pursuit-Core-Persistence-Lab.app/Pursuit-Core-Persistence-Lab";
			};
			name = Debug;
		};
		0BBA26B02351208300E24193 /* Release */ = {
			isa = XCBuildConfiguration;
			buildSettings = {
				ALWAYS_EMBED_SWIFT_STANDARD_LIBRARIES = YES;
				BUNDLE_LOADER = "$(TEST_HOST)";
				CODE_SIGN_STYLE = Automatic;
				INFOPLIST_FILE = "Pursuit-Core-Persistence-LabTests/Info.plist";
				IPHONEOS_DEPLOYMENT_TARGET = 13.0;
				LD_RUNPATH_SEARCH_PATHS = (
					"$(inherited)",
					"@executable_path/Frameworks",
					"@loader_path/Frameworks",
				);
				PRODUCT_BUNDLE_IDENTIFIER = "testing.Pursuit-Core-Persistence-LabTests";
				PRODUCT_NAME = "$(TARGET_NAME)";
				SWIFT_VERSION = 5.0;
				TARGETED_DEVICE_FAMILY = "1,2";
				TEST_HOST = "$(BUILT_PRODUCTS_DIR)/Pursuit-Core-Persistence-Lab.app/Pursuit-Core-Persistence-Lab";
			};
			name = Release;
		};
/* End XCBuildConfiguration section */

/* Begin XCConfigurationList section */
		0BBA26872351208100E24193 /* Build configuration list for PBXProject "Pursuit-Core-Persistence-Lab" */ = {
			isa = XCConfigurationList;
			buildConfigurations = (
				0BBA26A92351208300E24193 /* Debug */,
				0BBA26AA2351208300E24193 /* Release */,
			);
			defaultConfigurationIsVisible = 0;
			defaultConfigurationName = Release;
		};
		0BBA26AB2351208300E24193 /* Build configuration list for PBXNativeTarget "Pursuit-Core-Persistence-Lab" */ = {
			isa = XCConfigurationList;
			buildConfigurations = (
				0BBA26AC2351208300E24193 /* Debug */,
				0BBA26AD2351208300E24193 /* Release */,
			);
			defaultConfigurationIsVisible = 0;
			defaultConfigurationName = Release;
		};
		0BBA26AE2351208300E24193 /* Build configuration list for PBXNativeTarget "Pursuit-Core-Persistence-LabTests" */ = {
			isa = XCConfigurationList;
			buildConfigurations = (
				0BBA26AF2351208300E24193 /* Debug */,
				0BBA26B02351208300E24193 /* Release */,
			);
			defaultConfigurationIsVisible = 0;
			defaultConfigurationName = Release;
		};
/* End XCConfigurationList section */
	};
	rootObject = 0BBA26842351208100E24193 /* Project object */;
}
